
Microsoft Visual Studio Solution File, Format Version 12.00
# Visual Studio 15
VisualStudioVersion = 15.0.27130.2036
MinimumVisualStudioVersion = 10.0.40219.1
Project("{9A19103F-16F7-4668-BE54-9A1E7A4F7556}") = "test", "test.csproj", "{EE034A3B-2719-47D7-B737-D07F9407CC32}"
EndProject
Global
	GlobalSection(SolutionConfigurationPlatforms) = preSolution
		Debug|Any CPU = Debug|Any CPU
		Release|Any CPU = Release|Any CPU
	EndGlobalSection
	GlobalSection(ProjectConfigurationPlatforms) = postSolution
		{EE034A3B-2719-47D7-B737-D07F9407CC32}.Debug|Any CPU.ActiveCfg = Debug|Any CPU
		{EE034A3B-2719-47D7-B737-D07F9407CC32}.Debug|Any CPU.Build.0 = Debug|Any CPU
		{EE034A3B-2719-47D7-B737-D07F9407CC32}.Release|Any CPU.ActiveCfg = Release|Any CPU
		{EE034A3B-2719-47D7-B737-D07F9407CC32}.Release|Any CPU.Build.0 = Release|Any CPU
	EndGlobalSection
	GlobalSection(SolutionProperties) = preSolution
		HideSolutionNode = FALSE
	EndGlobalSection
	GlobalSection(ExtensibilityGlobals) = postSolution
		SolutionGuid = {2D1AFE1D-55AA-42BA-8E27-612704D78E86}
	EndGlobalSection
EndGlobal
